// !$*UTF8*$!
{
	archiveVersion = 1;
	classes = {
	};
	objectVersion = 46;
	objects = {

/* Begin PBXBuildFile section */
		B41CF6AF1AEDD094004262F7 /* main.m in Sources */ = {isa = PBXBuildFile; fileRef = B41CF6AE1AEDD094004262F7 /* main.m */; };
		B41CF6B21AEDD094004262F7 /* AppDelegate.m in Sources */ = {isa = PBXBuildFile; fileRef = B41CF6B11AEDD094004262F7 /* AppDelegate.m */; };
		B41CF6B51AEDD094004262F7 /* ______.xcdatamodeld in Sources */ = {isa = PBXBuildFile; fileRef = B41CF6B31AEDD094004262F7 /* ______.xcdatamodeld */; };
		B41CF6B81AEDD094004262F7 /* ViewController.m in Sources */ = {isa = PBXBuildFile; fileRef = B41CF6B71AEDD094004262F7 /* ViewController.m */; };
		B41CF6BB1AEDD094004262F7 /* Main.storyboard in Resources */ = {isa = PBXBuildFile; fileRef = B41CF6B91AEDD094004262F7 /* Main.storyboard */; };
		B41CF6BD1AEDD094004262F7 /* Images.xcassets in Resources */ = {isa = PBXBuildFile; fileRef = B41CF6BC1AEDD094004262F7 /* Images.xcassets */; };
		B41CF6C01AEDD094004262F7 /* LaunchScreen.xib in Resources */ = {isa = PBXBuildFile; fileRef = B41CF6BE1AEDD094004262F7 /* LaunchScreen.xib */; };
		B41CF6CC1AEDD094004262F7 /* ______Tests.m in Sources */ = {isa = PBXBuildFile; fileRef = B41CF6CB1AEDD094004262F7 /* ______Tests.m */; };
/* End PBXBuildFile section */

/* Begin PBXContainerItemProxy section */
		B41CF6C61AEDD094004262F7 /* PBXContainerItemProxy */ = {
			isa = PBXContainerItemProxy;
			containerPortal = B41CF6A11AEDD094004262F7 /* Project object */;
			proxyType = 1;
			remoteGlobalIDString = B41CF6A81AEDD094004262F7;
			remoteInfo = "智睿达客户端";
		};
/* End PBXContainerItemProxy section */

/* Begin PBXFileReference section */
		B41CF6A91AEDD094004262F7 /* 智睿达客户端.app */ = {isa = PBXFileReference; explicitFileType = wrapper.application; includeInIndex = 0; path = "智睿达客户端.app"; sourceTree = BUILT_PRODUCTS_DIR; };
		B41CF6AD1AEDD094004262F7 /* Info.plist */ = {isa = PBXFileReference; lastKnownFileType = text.plist.xml; path = Info.plist; sourceTree = "<group>"; };
		B41CF6AE1AEDD094004262F7 /* main.m */ = {isa = PBXFileReference; lastKnownFileType = sourcecode.c.objc; path = main.m; sourceTree = "<group>"; };
		B41CF6B01AEDD094004262F7 /* AppDelegate.h */ = {isa = PBXFileReference; lastKnownFileType = sourcecode.c.h; path = AppDelegate.h; sourceTree = "<group>"; };
		B41CF6B11AEDD094004262F7 /* AppDelegate.m */ = {isa = PBXFileReference; lastKnownFileType = sourcecode.c.objc; path = AppDelegate.m; sourceTree = "<group>"; };
		B41CF6B41AEDD094004262F7 /* ______.xcdatamodel */ = {isa = PBXFileReference; lastKnownFileType = wrapper.xcdatamodel; path = "______.xcdatamodel"; sourceTree = "<group>"; };
		B41CF6B61AEDD094004262F7 /* ViewController.h */ = {isa = PBXFileReference; lastKnownFileType = sourcecode.c.h; path = ViewController.h; sourceTree = "<group>"; };
		B41CF6B71AEDD094004262F7 /* ViewController.m */ = {isa = PBXFileReference; lastKnownFileType = sourcecode.c.objc; path = ViewController.m; sourceTree = "<group>"; };
		B41CF6BA1AEDD094004262F7 /* Base */ = {isa = PBXFileReference; lastKnownFileType = file.storyboard; name = Base; path = Base.lproj/Main.storyboard; sourceTree = "<group>"; };
		B41CF6BC1AEDD094004262F7 /* Images.xcassets */ = {isa = PBXFileReference; lastKnownFileType = folder.assetcatalog; path = Images.xcassets; sourceTree = "<group>"; };
		B41CF6BF1AEDD094004262F7 /* Base */ = {isa = PBXFileReference; lastKnownFileType = file.xib; name = Base; path = Base.lproj/LaunchScreen.xib; sourceTree = "<group>"; };
		B41CF6C51AEDD094004262F7 /* 智睿达客户端Tests.xctest */ = {isa = PBXFileReference; explicitFileType = wrapper.cfbundle; includeInIndex = 0; path = "智睿达客户端Tests.xctest"; sourceTree = BUILT_PRODUCTS_DIR; };
		B41CF6CA1AEDD094004262F7 /* Info.plist */ = {isa = PBXFileReference; lastKnownFileType = text.plist.xml; path = Info.plist; sourceTree = "<group>"; };
		B41CF6CB1AEDD094004262F7 /* ______Tests.m */ = {isa = PBXFileReference; lastKnownFileType = sourcecode.c.objc; path = "______Tests.m"; sourceTree = "<group>"; };
/* End PBXFileReference section */

/* Begin PBXFrameworksBuildPhase section */
		B41CF6A61AEDD094004262F7 /* Frameworks */ = {
			isa = PBXFrameworksBuildPhase;
			buildActionMask = 2147483647;
			files = (
			);
			runOnlyForDeploymentPostprocessing = 0;
		};
		B41CF6C21AEDD094004262F7 /* Frameworks */ = {
			isa = PBXFrameworksBuildPhase;
			buildActionMask = 2147483647;
			files = (
			);
			runOnlyForDeploymentPostprocessing = 0;
		};
/* End PBXFrameworksBuildPhase section */

/* Begin PBXGroup section */
		B41CF6A01AEDD094004262F7 = {
			isa = PBXGroup;
			children = (
				B41CF6AB1AEDD094004262F7 /* 智睿达客户端 */,
				B41CF6C81AEDD094004262F7 /* 智睿达客户端Tests */,
				B41CF6AA1AEDD094004262F7 /* Products */,
			);
			sourceTree = "<group>";
		};
		B41CF6AA1AEDD094004262F7 /* Products */ = {
			isa = PBXGroup;
			children = (
				B41CF6A91AEDD094004262F7 /* 智睿达客户端.app */,
				B41CF6C51AEDD094004262F7 /* 智睿达客户端Tests.xctest */,
			);
			name = Products;
			sourceTree = "<group>";
		};
		B41CF6AB1AEDD094004262F7 /* 智睿达客户端 */ = {
			isa = PBXGroup;
			children = (
				B41CF6B01AEDD094004262F7 /* AppDelegate.h */,
				B41CF6B11AEDD094004262F7 /* AppDelegate.m */,
				B41CF6B61AEDD094004262F7 /* ViewController.h */,
				B41CF6B71AEDD094004262F7 /* ViewController.m */,
				B41CF6B91AEDD094004262F7 /* Main.storyboard */,
				B41CF6BC1AEDD094004262F7 /* Images.xcassets */,
				B41CF6BE1AEDD094004262F7 /* LaunchScreen.xib */,
				B41CF6B31AEDD094004262F7 /* ______.xcdatamodeld */,
				B41CF6AC1AEDD094004262F7 /* Supporting Files */,
			);
			path = "智睿达客户端";
			sourceTree = "<group>";
		};
		B41CF6AC1AEDD094004262F7 /* Supporting Files */ = {
			isa = PBXGroup;
			children = (
				B41CF6AD1AEDD094004262F7 /* Info.plist */,
				B41CF6AE1AEDD094004262F7 /* main.m */,
			);
			name = "Supporting Files";
			sourceTree = "<group>";
		};
		B41CF6C81AEDD094004262F7 /* 智睿达客户端Tests */ = {
			isa = PBXGroup;
			children = (
				B41CF6CB1AEDD094004262F7 /* ______Tests.m */,
				B41CF6C91AEDD094004262F7 /* Supporting Files */,
			);
			path = "智睿达客户端Tests";
			sourceTree = "<group>";
		};
		B41CF6C91AEDD094004262F7 /* Supporting Files */ = {
			isa = PBXGroup;
			children = (
				B41CF6CA1AEDD094004262F7 /* Info.plist */,
			);
			name = "Supporting Files";
			sourceTree = "<group>";
		};
/* End PBXGroup section */

/* Begin PBXNativeTarget section */
		B41CF6A81AEDD094004262F7 /* 智睿达客户端 */ = {
			isa = PBXNativeTarget;
			buildConfigurationList = B41CF6CF1AEDD094004262F7 /* Build configuration list for PBXNativeTarget "智睿达客户端" */;
			buildPhases = (
				B41CF6A51AEDD094004262F7 /* Sources */,
				B41CF6A61AEDD094004262F7 /* Frameworks */,
				B41CF6A71AEDD094004262F7 /* Resources */,
			);
			buildRules = (
			);
			dependencies = (
			);
			name = "智睿达客户端";
			productName = "智睿达客户端";
			productReference = B41CF6A91AEDD094004262F7 /* 智睿达客户端.app */;
			productType = "com.apple.product-type.application";
		};
		B41CF6C41AEDD094004262F7 /* 智睿达客户端Tests */ = {
			isa = PBXNativeTarget;
			buildConfigurationList = B41CF6D21AEDD094004262F7 /* Build configuration list for PBXNativeTarget "智睿达客户端Tests" */;
			buildPhases = (
				B41CF6C11AEDD094004262F7 /* Sources */,
				B41CF6C21AEDD094004262F7 /* Frameworks */,
				B41CF6C31AEDD094004262F7 /* Resources */,
			);
			buildRules = (
			);
			dependencies = (
				B41CF6C71AEDD094004262F7 /* PBXTargetDependency */,
			);
			name = "智睿达客户端Tests";
			productName = "智睿达客户端Tests";
			productReference = B41CF6C51AEDD094004262F7 /* 智睿达客户端Tests.xctest */;
			productType = "com.apple.product-type.bundle.unit-test";
		};
/* End PBXNativeTarget section */

/* Begin PBXProject section */
		B41CF6A11AEDD094004262F7 /* Project object */ = {
			isa = PBXProject;
			attributes = {
				LastUpgradeCheck = 0620;
				ORGANIZATIONNAME = tony1220;
				TargetAttributes = {
					B41CF6A81AEDD094004262F7 = {
						CreatedOnToolsVersion = 6.2;
					};
					B41CF6C41AEDD094004262F7 = {
						CreatedOnToolsVersion = 6.2;
						TestTargetID = B41CF6A81AEDD094004262F7;
					};
				};
			};
			buildConfigurationList = B41CF6A41AEDD094004262F7 /* Build configuration list for PBXProject "智睿达客户端" */;
			compatibilityVersion = "Xcode 3.2";
			developmentRegion = English;
			hasScannedForEncodings = 0;
			knownRegions = (
				en,
				Base,
			);
			mainGroup = B41CF6A01AEDD094004262F7;
			productRefGroup = B41CF6AA1AEDD094004262F7 /* Products */;
			projectDirPath = "";
			projectRoot = "";
			targets = (
				B41CF6A81AEDD094004262F7 /* 智睿达客户端 */,
				B41CF6C41AEDD094004262F7 /* 智睿达客户端Tests */,
			);
		};
/* End PBXProject section */

/* Begin PBXResourcesBuildPhase section */
		B41CF6A71AEDD094004262F7 /* Resources */ = {
			isa = PBXResourcesBuildPhase;
			buildActionMask = 2147483647;
			files = (
				B41CF6BB1AEDD094004262F7 /* Main.storyboard in Resources */,
				B41CF6C01AEDD094004262F7 /* LaunchScreen.xib in Resources */,
				B41CF6BD1AEDD094004262F7 /* Images.xcassets in Resources */,
			);
			runOnlyForDeploymentPostprocessing = 0;
		};
		B41CF6C31AEDD094004262F7 /* Resources */ = {
			isa = PBXResourcesBuildPhase;
			buildActionMask = 2147483647;
			files = (
			);
			runOnlyForDeploymentPostprocessing = 0;
		};
/* End PBXResourcesBuildPhase section */

/* Begin PBXSourcesBuildPhase section */
		B41CF6A51AEDD094004262F7 /* Sources */ = {
			isa = PBXSourcesBuildPhase;
			buildActionMask = 2147483647;
			files = (
				B41CF6B51AEDD094004262F7 /* ______.xcdatamodeld in Sources */,
				B41CF6B21AEDD094004262F7 /* AppDelegate.m in Sources */,
				B41CF6B81AEDD094004262F7 /* ViewController.m in Sources */,
				B41CF6AF1AEDD094004262F7 /* main.m in Sources */,
			);
			runOnlyForDeploymentPostprocessing = 0;
		};
		B41CF6C11AEDD094004262F7 /* Sources */ = {
			isa = PBXSourcesBuildPhase;
			buildActionMask = 2147483647;
			files = (
				B41CF6CC1AEDD094004262F7 /* ______Tests.m in Sources */,
			);
			runOnlyForDeploymentPostprocessing = 0;
		};
/* End PBXSourcesBuildPhase section */

/* Begin PBXTargetDependency section */
		B41CF6C71AEDD094004262F7 /* PBXTargetDependency */ = {
			isa = PBXTargetDependency;
			target = B41CF6A81AEDD094004262F7 /* 智睿达客户端 */;
			targetProxy = B41CF6C61AEDD094004262F7 /* PBXContainerItemProxy */;
		};
/* End PBXTargetDependency section */

/* Begin PBXVariantGroup section */
		B41CF6B91AEDD094004262F7 /* Main.storyboard */ = {
			isa = PBXVariantGroup;
			children = (
				B41CF6BA1AEDD094004262F7 /* Base */,
			);
			name = Main.storyboard;
			sourceTree = "<group>";
		};
		B41CF6BE1AEDD094004262F7 /* LaunchScreen.xib */ = {
			isa = PBXVariantGroup;
			children = (
				B41CF6BF1AEDD094004262F7 /* Base */,
			);
			name = LaunchScreen.xib;
			sourceTree = "<group>";
		};
/* End PBXVariantGroup section */

/* Begin XCBuildConfiguration section */
		B41CF6CD1AEDD094004262F7 /* Debug */ = {
			isa = XCBuildConfiguration;
			buildSettings = {
				ALWAYS_SEARCH_USER_PATHS = NO;
				CLANG_CXX_LANGUAGE_STANDARD = "gnu++0x";
				CLANG_CXX_LIBRARY = "libc++";
				CLANG_ENABLE_MODULES = YES;
				CLANG_ENABLE_OBJC_ARC = YES;
				CLANG_WARN_BOOL_CONVERSION = YES;
				CLANG_WARN_CONSTANT_CONVERSION = YES;
				CLANG_WARN_DIRECT_OBJC_ISA_USAGE = YES_ERROR;
				CLANG_WARN_EMPTY_BODY = YES;
				CLANG_WARN_ENUM_CONVERSION = YES;
				CLANG_WARN_INT_CONVERSION = YES;
				CLANG_WARN_OBJC_ROOT_CLASS = YES_ERROR;
				CLANG_WARN_UNREACHABLE_CODE = YES;
				CLANG_WARN__DUPLICATE_METHOD_MATCH = YES;
				"CODE_SIGN_IDENTITY[sdk=iphoneos*]" = "iPhone Developer";
				COPY_PHASE_STRIP = NO;
				ENABLE_STRICT_OBJC_MSGSEND = YES;
				GCC_C_LANGUAGE_STANDARD = gnu99;
				GCC_DYNAMIC_NO_PIC = NO;
				GCC_OPTIMIZATION_LEVEL = 0;
				GCC_PREPROCESSOR_DEFINITIONS = (
					"DEBUG=1",
					"$(inherited)",
				);
				GCC_SYMBOLS_PRIVATE_EXTERN = NO;
				GCC_WARN_64_TO_32_BIT_CONVERSION = YES;
				GCC_WARN_ABOUT_RETURN_TYPE = YES_ERROR;
				GCC_WARN_UNDECLARED_SELECTOR = YES;
				GCC_WARN_UNINITIALIZED_AUTOS = YES_AGGRESSIVE;
				GCC_WARN_UNUSED_FUNCTION = YES;
				GCC_WARN_UNUSED_VARIABLE = YES;
				IPHONEOS_DEPLOYMENT_TARGET = 8.2;
				MTL_ENABLE_DEBUG_INFO = YES;
				ONLY_ACTIVE_ARCH = YES;
				SDKROOT = iphoneos;
			};
			name = Debug;
		};
		B41CF6CE1AEDD094004262F7 /* Release */ = {
			isa = XCBuildConfiguration;
			buildSettings = {
				ALWAYS_SEARCH_USER_PATHS = NO;
				CLANG_CXX_LANGUAGE_STANDARD = "gnu++0x";
				CLANG_CXX_LIBRARY = "libc++";
				CLANG_ENABLE_MODULES = YES;
				CLANG_ENABLE_OBJC_ARC = YES;
				CLANG_WARN_BOOL_CONVERSION = YES;
				CLANG_WARN_CONSTANT_CONVERSION = YES;
				CLANG_WARN_DIRECT_OBJC_ISA_USAGE = YES_ERROR;
				CLANG_WARN_EMPTY_BODY = YES;
				CLANG_WARN_ENUM_CONVERSION = YES;
				CLANG_WARN_INT_CONVERSION = YES;
				CLANG_WARN_OBJC_ROOT_CLASS = YES_ERROR;
				CLANG_WARN_UNREACHABLE_CODE = YES;
				CLANG_WARN__DUPLICATE_METHOD_MATCH = YES;
				"CODE_SIGN_IDENTITY[sdk=iphoneos*]" = "iPhone Developer";
				COPY_PHASE_STRIP = NO;
				ENABLE_NS_ASSERTIONS = NO;
				ENABLE_STRICT_OBJC_MSGSEND = YES;
				GCC_C_LANGUAGE_STANDARD = gnu99;
				GCC_WARN_64_TO_32_BIT_CONVERSION = YES;
				GCC_WARN_ABOUT_RETURN_TYPE = YES_ERROR;
				GCC_WARN_UNDECLARED_SELECTOR = YES;
				GCC_WARN_UNINITIALIZED_AUTOS = YES_AGGRESSIVE;
				GCC_WARN_UNUSED_FUNCTION = YES;
				GCC_WARN_UNUSED_VARIABLE = YES;
				IPHONEOS_DEPLOYMENT_TARGET = 8.2;
				MTL_ENABLE_DEBUG_INFO = NO;
				SDKROOT = iphoneos;
				VALIDATE_PRODUCT = YES;
			};
			name = Release;
		};
		B41CF6D01AEDD094004262F7 /* Debug */ = {
			isa = XCBuildConfiguration;
			buildSettings = {
				ASSETCATALOG_COMPILER_APPICON_NAME = AppIcon;
				INFOPLIST_FILE = "智睿达客户端/Info.plist";
				LD_RUNPATH_SEARCH_PATHS = "$(inherited) @executable_path/Frameworks";
				PRODUCT_NAME = "$(TARGET_NAME)";
			};
			name = Debug;
		};
		B41CF6D11AEDD094004262F7 /* Release */ = {
			isa = XCBuildConfiguration;
			buildSettings = {
				ASSETCATALOG_COMPILER_APPICON_NAME = AppIcon;
				INFOPLIST_FILE = "智睿达客户端/Info.plist";
				LD_RUNPATH_SEARCH_PATHS = "$(inherited) @executable_path/Frameworks";
				PRODUCT_NAME = "$(TARGET_NAME)";
			};
			name = Release;
		};
		B41CF6D31AEDD094004262F7 /* Debug */ = {
			isa = XCBuildConfiguration;
			buildSettings = {
				BUNDLE_LOADER = "$(TEST_HOST)";
				FRAMEWORK_SEARCH_PATHS = (
					"$(SDKROOT)/Developer/Library/Frameworks",
					"$(inherited)",
				);
				GCC_PREPROCESSOR_DEFINITIONS = (
					"DEBUG=1",
					"$(inherited)",
				);
				INFOPLIST_FILE = "智睿达客户端Tests/Info.plist";
				LD_RUNPATH_SEARCH_PATHS = "$(inherited) @executable_path/Frameworks @loader_path/Frameworks";
				PRODUCT_NAME = "$(TARGET_NAME)";
				TEST_HOST = "$(BUILT_PRODUCTS_DIR)/智睿达客户端.app/智睿达客户端";
			};
			name = Debug;
		};
		B41CF6D41AEDD094004262F7 /* Release */ = {
			isa = XCBuildConfiguration;
			buildSettings = {
				BUNDLE_LOADER = "$(TEST_HOST)";
				FRAMEWORK_SEARCH_PATHS = (
					"$(SDKROOT)/Developer/Library/Frameworks",
					"$(inherited)",
				);
				INFOPLIST_FILE = "智睿达客户端Tests/Info.plist";
				LD_RUNPATH_SEARCH_PATHS = "$(inherited) @executable_path/Frameworks @loader_path/Frameworks";
				PRODUCT_NAME = "$(TARGET_NAME)";
				TEST_HOST = "$(BUILT_PRODUCTS_DIR)/智睿达客户端.app/智睿达客户端";
			};
			name = Release;
		};
/* End XCBuildConfiguration section */

/* Begin XCConfigurationList section */
		B41CF6A41AEDD094004262F7 /* Build configuration list for PBXProject "智睿达客户端" */ = {
			isa = XCConfigurationList;
			buildConfigurations = (
				B41CF6CD1AEDD094004262F7 /* Debug */,
				B41CF6CE1AEDD094004262F7 /* Release */,
			);
			defaultConfigurationIsVisible = 0;
			defaultConfigurationName = Release;
		};
		B41CF6CF1AEDD094004262F7 /* Build configuration list for PBXNativeTarget "智睿达客户端" */ = {
			isa = XCConfigurationList;
			buildConfigurations = (
				B41CF6D01AEDD094004262F7 /* Debug */,
				B41CF6D11AEDD094004262F7 /* Release */,
			);
			defaultConfigurationIsVisible = 0;
		};
		B41CF6D21AEDD094004262F7 /* Build configuration list for PBXNativeTarget "智睿达客户端Tests" */ = {
			isa = XCConfigurationList;
			buildConfigurations = (
				B41CF6D31AEDD094004262F7 /* Debug */,
				B41CF6D41AEDD094004262F7 /* Release */,
			);
			defaultConfigurationIsVisible = 0;
		};
/* End XCConfigurationList section */

/* Begin XCVersionGroup section */
		B41CF6B31AEDD094004262F7 /* ______.xcdatamodeld */ = {
			isa = XCVersionGroup;
			children = (
				B41CF6B41AEDD094004262F7 /* ______.xcdatamodel */,
			);
			currentVersion = B41CF6B41AEDD094004262F7 /* ______.xcdatamodel */;
			path = "______.xcdatamodeld";
			sourceTree = "<group>";
			versionGroupType = wrapper.xcdatamodel;
		};
/* End XCVersionGroup section */
	};
	rootObject = B41CF6A11AEDD094004262F7 /* Project object */;
}
